
Microsoft Visual Studio Solution File, Format Version 12.00
# Visual Studio Version 16
VisualStudioVersion = 16.0.31515.178
MinimumVisualStudioVersion = 10.0.40219.1
Project("{8BC9CEB8-8B4A-11D0-8D11-00A0C91BC942}") = "2021_11_19", "2021_11_19\2021_11_19.vcxproj", "{D67E3133-566B-46CB-86DE-7D875FB17285}"
EndProject
Global
	GlobalSection(SolutionConfigurationPlatforms) = preSolution
		Debug|x64 = Debug|x64
		Debug|x86 = Debug|x86
		Release|x64 = Release|x64
		Release|x86 = Release|x86
	EndGlobalSection
	GlobalSection(ProjectConfigurationPlatforms) = postSolution
		{D67E3133-566B-46CB-86DE-7D875FB17285}.Debug|x64.ActiveCfg = Debug|x64
		{D67E3133-566B-46CB-86DE-7D875FB17285}.Debug|x64.Build.0 = Debug|x64
		{D67E3133-566B-46CB-86DE-7D875FB17285}.Debug|x86.ActiveCfg = Debug|Win32
		{D67E3133-566B-46CB-86DE-7D875FB17285}.Debug|x86.Build.0 = Debug|Win32
		{D67E3133-566B-46CB-86DE-7D875FB17285}.Release|x64.ActiveCfg = Release|x64
		{D67E3133-566B-46CB-86DE-7D875FB17285}.Release|x64.Build.0 = Release|x64
		{D67E3133-566B-46CB-86DE-7D875FB17285}.Release|x86.ActiveCfg = Release|Win32
		{D67E3133-566B-46CB-86DE-7D875FB17285}.Release|x86.Build.0 = Release|Win32
	EndGlobalSection
	GlobalSection(SolutionProperties) = preSolution
		HideSolutionNode = FALSE
	EndGlobalSection
	GlobalSection(ExtensibilityGlobals) = postSolution
		SolutionGuid = {E5C8E697-F0A0-4B2F-AB6D-30B3D1B1A27E}
	EndGlobalSection
EndGlobal
