
Microsoft Visual Studio Solution File, Format Version 12.00
# Visual Studio Version 16
VisualStudioVersion = 16.0.31515.178
MinimumVisualStudioVersion = 10.0.40219.1
Project("{8BC9CEB8-8B4A-11D0-8D11-00A0C91BC942}") = "日期类", "日期类\日期类.vcxproj", "{198C9CCD-ECCD-4A86-8208-0A15F2DD31B5}"
EndProject
Global
	GlobalSection(SolutionConfigurationPlatforms) = preSolution
		Debug|x64 = Debug|x64
		Debug|x86 = Debug|x86
		Release|x64 = Release|x64
		Release|x86 = Release|x86
	EndGlobalSection
	GlobalSection(ProjectConfigurationPlatforms) = postSolution
		{198C9CCD-ECCD-4A86-8208-0A15F2DD31B5}.Debug|x64.ActiveCfg = Debug|x64
		{198C9CCD-ECCD-4A86-8208-0A15F2DD31B5}.Debug|x64.Build.0 = Debug|x64
		{198C9CCD-ECCD-4A86-8208-0A15F2DD31B5}.Debug|x86.ActiveCfg = Debug|Win32
		{198C9CCD-ECCD-4A86-8208-0A15F2DD31B5}.Debug|x86.Build.0 = Debug|Win32
		{198C9CCD-ECCD-4A86-8208-0A15F2DD31B5}.Release|x64.ActiveCfg = Release|x64
		{198C9CCD-ECCD-4A86-8208-0A15F2DD31B5}.Release|x64.Build.0 = Release|x64
		{198C9CCD-ECCD-4A86-8208-0A15F2DD31B5}.Release|x86.ActiveCfg = Release|Win32
		{198C9CCD-ECCD-4A86-8208-0A15F2DD31B5}.Release|x86.Build.0 = Release|Win32
	EndGlobalSection
	GlobalSection(SolutionProperties) = preSolution
		HideSolutionNode = FALSE
	EndGlobalSection
	GlobalSection(ExtensibilityGlobals) = postSolution
		SolutionGuid = {1F7B1C40-BFB4-4B1B-9676-22B2CD95AE02}
	EndGlobalSection
EndGlobal
